<?xml version="1.0" encoding="UTF-8"?>
<CodeBlocks_project_file>
	<FileVersion major="1" minor="6"/>
	<Project>
		<Option title="compiler_target"/>
		<Option makefile_is_custom="1"/>
		<Option compiler="gcc"/>
		<Option virtualFolders="CMake Files\;"/>
		<Build>
			<Target title="all">
				<Option working_dir="/Users/don-dron/compiler"/>
				<Option type="4"/>
				<MakeCommands>
					<Build command="/usr/bin/make -f &quot;/Users/don-dron/compiler/Makefile&quot;  VERBOSE=1 all"/>
					<CompileFile command="/usr/bin/make -f &quot;/Users/don-dron/compiler/Makefile&quot;  VERBOSE=1 &quot;$file&quot;"/>
					<Clean command="/usr/bin/make -f &quot;/Users/don-dron/compiler/Makefile&quot;  VERBOSE=1 clean"/>
					<DistClean command="/usr/bin/make -f &quot;/Users/don-dron/compiler/Makefile&quot;  VERBOSE=1 clean"/>
				</MakeCommands>
			</Target>
			<Target title="rebuild_cache">
				<Option working_dir="/Users/don-dron/compiler"/>
				<Option type="4"/>
				<MakeCommands>
					<Build command="/usr/bin/make -f &quot;/Users/don-dron/compiler/Makefile&quot;  VERBOSE=1 rebuild_cache"/>
					<CompileFile command="/usr/bin/make -f &quot;/Users/don-dron/compiler/Makefile&quot;  VERBOSE=1 &quot;$file&quot;"/>
					<Clean command="/usr/bin/make -f &quot;/Users/don-dron/compiler/Makefile&quot;  VERBOSE=1 clean"/>
					<DistClean command="/usr/bin/make -f &quot;/Users/don-dron/compiler/Makefile&quot;  VERBOSE=1 clean"/>
				</MakeCommands>
			</Target>
			<Target title="edit_cache">
				<Option working_dir="/Users/don-dron/compiler"/>
				<Option type="4"/>
				<MakeCommands>
					<Build command="/usr/bin/make -f &quot;/Users/don-dron/compiler/Makefile&quot;  VERBOSE=1 edit_cache"/>
					<CompileFile command="/usr/bin/make -f &quot;/Users/don-dron/compiler/Makefile&quot;  VERBOSE=1 &quot;$file&quot;"/>
					<Clean command="/usr/bin/make -f &quot;/Users/don-dron/compiler/Makefile&quot;  VERBOSE=1 clean"/>
					<DistClean command="/usr/bin/make -f &quot;/Users/don-dron/compiler/Makefile&quot;  VERBOSE=1 clean"/>
				</MakeCommands>
			</Target>
			<Target title="compiler_target">
				<Option output="/Users/don-dron/compiler/compiler_target" prefix_auto="0" extension_auto="0"/>
				<Option working_dir="/Users/don-dron/compiler"/>
				<Option object_output="./"/>
				<Option type="1"/>
				<Option compiler="gcc"/>
				<Compiler>
					<Add directory="/Users/don-dron/compiler/include"/>
					<Add directory="/Users/don-dron/compiler/include/locks"/>
					<Add directory="/Users/don-dron/compiler/include/scheduler"/>
					<Add directory="/Users/don-dron/compiler/include/structures"/>
				</Compiler>
				<MakeCommands>
					<Build command="/usr/bin/make -f &quot;/Users/don-dron/compiler/Makefile&quot;  VERBOSE=1 compiler_target"/>
					<CompileFile command="/usr/bin/make -f &quot;/Users/don-dron/compiler/Makefile&quot;  VERBOSE=1 &quot;$file&quot;"/>
					<Clean command="/usr/bin/make -f &quot;/Users/don-dron/compiler/Makefile&quot;  VERBOSE=1 clean"/>
					<DistClean command="/usr/bin/make -f &quot;/Users/don-dron/compiler/Makefile&quot;  VERBOSE=1 clean"/>
				</MakeCommands>
			</Target>
			<Target title="compiler_target/fast">
				<Option output="/Users/don-dron/compiler/compiler_target" prefix_auto="0" extension_auto="0"/>
				<Option working_dir="/Users/don-dron/compiler"/>
				<Option object_output="./"/>
				<Option type="1"/>
				<Option compiler="gcc"/>
				<Compiler>
					<Add directory="/Users/don-dron/compiler/include"/>
					<Add directory="/Users/don-dron/compiler/include/locks"/>
					<Add directory="/Users/don-dron/compiler/include/scheduler"/>
					<Add directory="/Users/don-dron/compiler/include/structures"/>
				</Compiler>
				<MakeCommands>
					<Build command="/usr/bin/make -f &quot;/Users/don-dron/compiler/Makefile&quot;  VERBOSE=1 compiler_target/fast"/>
					<CompileFile command="/usr/bin/make -f &quot;/Users/don-dron/compiler/Makefile&quot;  VERBOSE=1 &quot;$file&quot;"/>
					<Clean command="/usr/bin/make -f &quot;/Users/don-dron/compiler/Makefile&quot;  VERBOSE=1 clean"/>
					<DistClean command="/usr/bin/make -f &quot;/Users/don-dron/compiler/Makefile&quot;  VERBOSE=1 clean"/>
				</MakeCommands>
			</Target>
		</Build>
		<Unit filename="/Users/don-dron/compiler/lib/default.c">
			<Option target="compiler_target"/>
		</Unit>
		<Unit filename="/Users/don-dron/compiler/lib/locks/atomics.c">
			<Option target="compiler_target"/>
		</Unit>
		<Unit filename="/Users/don-dron/compiler/lib/locks/spinlock.c">
			<Option target="compiler_target"/>
		</Unit>
		<Unit filename="/Users/don-dron/compiler/lib/locks/wait_group.c">
			<Option target="compiler_target"/>
		</Unit>
		<Unit filename="/Users/don-dron/compiler/lib/root_lib.c">
			<Option target="compiler_target"/>
		</Unit>
		<Unit filename="/Users/don-dron/compiler/lib/scheduler/context.c">
			<Option target="compiler_target"/>
		</Unit>
		<Unit filename="/Users/don-dron/compiler/lib/scheduler/coroutine.c">
			<Option target="compiler_target"/>
		</Unit>
		<Unit filename="/Users/don-dron/compiler/lib/scheduler/fiber.c">
			<Option target="compiler_target"/>
		</Unit>
		<Unit filename="/Users/don-dron/compiler/lib/scheduler/local_queues_with_steal_scheduler.c">
			<Option target="compiler_target"/>
		</Unit>
		<Unit filename="/Users/don-dron/compiler/lib/scheduler/manager.c">
			<Option target="compiler_target"/>
		</Unit>
		<Unit filename="/Users/don-dron/compiler/lib/scheduler/scheduler.c">
			<Option target="compiler_target"/>
		</Unit>
		<Unit filename="/Users/don-dron/compiler/lib/scheduler/switch_context.S">
			<Option target="compiler_target"/>
		</Unit>
		<Unit filename="/Users/don-dron/compiler/lib/structures/fibonacci_heap.c">
			<Option target="compiler_target"/>
		</Unit>
		<Unit filename="/Users/don-dron/compiler/lib/structures/hash_map.c">
			<Option target="compiler_target"/>
		</Unit>
		<Unit filename="/Users/don-dron/compiler/lib/structures/lf_stack.c">
			<Option target="compiler_target"/>
		</Unit>
		<Unit filename="/Users/don-dron/compiler/lib/structures/list.c">
			<Option target="compiler_target"/>
		</Unit>
		<Unit filename="/Users/don-dron/compiler/lib/structures/rb_tree.c">
			<Option target="compiler_target"/>
		</Unit>
		<Unit filename="/Users/don-dron/compiler/lib/structures/splay_tree.c">
			<Option target="compiler_target"/>
		</Unit>
		<Unit filename="/Users/don-dron/compiler/lib/structures/thin_heap.c">
			<Option target="compiler_target"/>
		</Unit>
		<Unit filename="/Users/don-dron/compiler/out.o">
			<Option target="compiler_target"/>
		</Unit>
		<Unit filename="/Users/don-dron/compiler/CMakeLists.txt">
			<Option virtualFolder="CMake Files\"/>
		</Unit>
	</Project>
</CodeBlocks_project_file>
